
Microsoft Visual Studio Solution File, Format Version 12.00
# Visual Studio Version 16
VisualStudioVersion = 16.0.33801.447
MinimumVisualStudioVersion = 10.0.40219.1
Project("{FAE04EC0-301F-11D3-BF4B-00C04F79EFBC}") = "RestWithASPNET", "RestWithASPNET\RestWithASPNET.csproj", "{A7862549-8247-40B8-BF68-226FC0699CFD}"
EndProject
Global
	GlobalSection(SolutionConfigurationPlatforms) = preSolution
		Debug|Any CPU = Debug|Any CPU
		Release|Any CPU = Release|Any CPU
	EndGlobalSection
	GlobalSection(ProjectConfigurationPlatforms) = postSolution
		{A7862549-8247-40B8-BF68-226FC0699CFD}.Debug|Any CPU.ActiveCfg = Debug|Any CPU
		{A7862549-8247-40B8-BF68-226FC0699CFD}.Debug|Any CPU.Build.0 = Debug|Any CPU
		{A7862549-8247-40B8-BF68-226FC0699CFD}.Release|Any CPU.ActiveCfg = Release|Any CPU
		{A7862549-8247-40B8-BF68-226FC0699CFD}.Release|Any CPU.Build.0 = Release|Any CPU
	EndGlobalSection
	GlobalSection(SolutionProperties) = preSolution
		HideSolutionNode = FALSE
	EndGlobalSection
	GlobalSection(ExtensibilityGlobals) = postSolution
		SolutionGuid = {58F241F1-E2B9-4B5E-9D70-42D8F9B71016}
	EndGlobalSection
EndGlobal
